
Microsoft Visual Studio Solution File, Format Version 12.00
# Visual Studio 15
VisualStudioVersion = 15.0.27130.2036
MinimumVisualStudioVersion = 10.0.40219.1
Project("{FAE04EC0-301F-11D3-BF4B-00C04F79EFBC}") = "TSalesManagement", "TSalesManagement\TSalesManagement.csproj", "{ACA65360-3B34-435E-B162-9748AA35FFDF}"
EndProject
Project("{FAE04EC0-301F-11D3-BF4B-00C04F79EFBC}") = "StartupClass", "S:\Design and Supply CSharp\Class Libraries\General\StartupClass.csproj", "{C0721D32-EE8C-4891-8FBE-76F975B2D944}"
EndProject
Project("{2150E333-8FDC-42A3-9474-1A3956D46DE8}") = "SalesManagement", "SalesManagement", "{0283A485-D9DB-4B60-915C-AC9F4161B2E0}"
EndProject
Global
	GlobalSection(SolutionConfigurationPlatforms) = preSolution
		Debug|Any CPU = Debug|Any CPU
		Debug|ARM = Debug|ARM
		Debug|x64 = Debug|x64
		Debug|x86 = Debug|x86
		Release|Any CPU = Release|Any CPU
		Release|ARM = Release|ARM
		Release|x64 = Release|x64
		Release|x86 = Release|x86
	EndGlobalSection
	GlobalSection(ProjectConfigurationPlatforms) = postSolution
		{ACA65360-3B34-435E-B162-9748AA35FFDF}.Debug|Any CPU.ActiveCfg = Debug|Any CPU
		{ACA65360-3B34-435E-B162-9748AA35FFDF}.Debug|Any CPU.Build.0 = Debug|Any CPU
		{ACA65360-3B34-435E-B162-9748AA35FFDF}.Debug|ARM.ActiveCfg = Debug|Any CPU
		{ACA65360-3B34-435E-B162-9748AA35FFDF}.Debug|ARM.Build.0 = Debug|Any CPU
		{ACA65360-3B34-435E-B162-9748AA35FFDF}.Debug|x64.ActiveCfg = Debug|Any CPU
		{ACA65360-3B34-435E-B162-9748AA35FFDF}.Debug|x64.Build.0 = Debug|Any CPU
		{ACA65360-3B34-435E-B162-9748AA35FFDF}.Debug|x86.ActiveCfg = Debug|Any CPU
		{ACA65360-3B34-435E-B162-9748AA35FFDF}.Debug|x86.Build.0 = Debug|Any CPU
		{ACA65360-3B34-435E-B162-9748AA35FFDF}.Release|Any CPU.ActiveCfg = Release|Any CPU
		{ACA65360-3B34-435E-B162-9748AA35FFDF}.Release|Any CPU.Build.0 = Release|Any CPU
		{ACA65360-3B34-435E-B162-9748AA35FFDF}.Release|ARM.ActiveCfg = Release|Any CPU
		{ACA65360-3B34-435E-B162-9748AA35FFDF}.Release|ARM.Build.0 = Release|Any CPU
		{ACA65360-3B34-435E-B162-9748AA35FFDF}.Release|x64.ActiveCfg = Release|Any CPU
		{ACA65360-3B34-435E-B162-9748AA35FFDF}.Release|x64.Build.0 = Release|Any CPU
		{ACA65360-3B34-435E-B162-9748AA35FFDF}.Release|x86.ActiveCfg = Release|Any CPU
		{ACA65360-3B34-435E-B162-9748AA35FFDF}.Release|x86.Build.0 = Release|Any CPU
		{C0721D32-EE8C-4891-8FBE-76F975B2D944}.Debug|Any CPU.ActiveCfg = Debug|Any CPU
		{C0721D32-EE8C-4891-8FBE-76F975B2D944}.Debug|Any CPU.Build.0 = Debug|Any CPU
		{C0721D32-EE8C-4891-8FBE-76F975B2D944}.Debug|ARM.ActiveCfg = Debug|Any CPU
		{C0721D32-EE8C-4891-8FBE-76F975B2D944}.Debug|ARM.Build.0 = Debug|Any CPU
		{C0721D32-EE8C-4891-8FBE-76F975B2D944}.Debug|x64.ActiveCfg = Debug|Any CPU
		{C0721D32-EE8C-4891-8FBE-76F975B2D944}.Debug|x64.Build.0 = Debug|Any CPU
		{C0721D32-EE8C-4891-8FBE-76F975B2D944}.Debug|x86.ActiveCfg = Debug|Any CPU
		{C0721D32-EE8C-4891-8FBE-76F975B2D944}.Debug|x86.Build.0 = Debug|Any CPU
		{C0721D32-EE8C-4891-8FBE-76F975B2D944}.Release|Any CPU.ActiveCfg = Release|Any CPU
		{C0721D32-EE8C-4891-8FBE-76F975B2D944}.Release|Any CPU.Build.0 = Release|Any CPU
		{C0721D32-EE8C-4891-8FBE-76F975B2D944}.Release|ARM.ActiveCfg = Release|Any CPU
		{C0721D32-EE8C-4891-8FBE-76F975B2D944}.Release|ARM.Build.0 = Release|Any CPU
		{C0721D32-EE8C-4891-8FBE-76F975B2D944}.Release|x64.ActiveCfg = Release|Any CPU
		{C0721D32-EE8C-4891-8FBE-76F975B2D944}.Release|x64.Build.0 = Release|Any CPU
		{C0721D32-EE8C-4891-8FBE-76F975B2D944}.Release|x86.ActiveCfg = Release|Any CPU
		{C0721D32-EE8C-4891-8FBE-76F975B2D944}.Release|x86.Build.0 = Release|Any CPU
	EndGlobalSection
	GlobalSection(SolutionProperties) = preSolution
		HideSolutionNode = FALSE
	EndGlobalSection
	GlobalSection(ExtensibilityGlobals) = postSolution
		SolutionGuid = {65F79325-3A2C-49F3-B57E-ADC2B2105A46}
	EndGlobalSection
EndGlobal
